
Microsoft Visual Studio Solution File, Format Version 12.00
# Visual Studio Version 16
VisualStudioVersion = 16.0.30114.105
MinimumVisualStudioVersion = 10.0.40219.1
Project("{FAE04EC0-301F-11D3-BF4B-00C04F79EFBC}") = "ExceptionTest", "ExceptionTest\ExceptionTest.csproj", "{AB609B0F-ECB6-4BFA-B91B-BED4E25337D3}"
EndProject
Project("{FAE04EC0-301F-11D3-BF4B-00C04F79EFBC}") = "GunDecorations", "GunDecorations\GunDecorations.csproj", "{3669715D-A84F-4399-94C5-0FA93328E753}"
EndProject
Global
	GlobalSection(SolutionConfigurationPlatforms) = preSolution
		Debug|Any CPU = Debug|Any CPU
		Release|Any CPU = Release|Any CPU
	EndGlobalSection
	GlobalSection(SolutionProperties) = preSolution
		HideSolutionNode = FALSE
	EndGlobalSection
	GlobalSection(ProjectConfigurationPlatforms) = postSolution
		{AB609B0F-ECB6-4BFA-B91B-BED4E25337D3}.Debug|Any CPU.ActiveCfg = Debug|Any CPU
		{AB609B0F-ECB6-4BFA-B91B-BED4E25337D3}.Debug|Any CPU.Build.0 = Debug|Any CPU
		{AB609B0F-ECB6-4BFA-B91B-BED4E25337D3}.Release|Any CPU.ActiveCfg = Release|Any CPU
		{AB609B0F-ECB6-4BFA-B91B-BED4E25337D3}.Release|Any CPU.Build.0 = Release|Any CPU
		{3669715D-A84F-4399-94C5-0FA93328E753}.Debug|Any CPU.ActiveCfg = Debug|Any CPU
		{3669715D-A84F-4399-94C5-0FA93328E753}.Debug|Any CPU.Build.0 = Debug|Any CPU
		{3669715D-A84F-4399-94C5-0FA93328E753}.Release|Any CPU.ActiveCfg = Release|Any CPU
		{3669715D-A84F-4399-94C5-0FA93328E753}.Release|Any CPU.Build.0 = Release|Any CPU
	EndGlobalSection
EndGlobal
