
Microsoft Visual Studio Solution File, Format Version 12.00
# Visual Studio Version 16
VisualStudioVersion = 16.0.30114.105
MinimumVisualStudioVersion = 10.0.40219.1
Project("{FAE04EC0-301F-11D3-BF4B-00C04F79EFBC}") = "GameInterfaces", "GameInterfaces\GameInterfaces.csproj", "{D7C9427F-A810-4B20-8E6F-8970E3B8D72B}"
EndProject
Project("{FAE04EC0-301F-11D3-BF4B-00C04F79EFBC}") = "BuildingCollections", "BuildingCollections\BuildingCollections.csproj", "{B9B1B66B-E72A-4803-8F1A-99E7D4B47928}"
EndProject
Project("{FAE04EC0-301F-11D3-BF4B-00C04F79EFBC}") = "CityManager1", "CityManager1\CityManager1.csproj", "{B0C6FB82-898A-473B-B490-007170A9FA53}"
EndProject
Project("{FAE04EC0-301F-11D3-BF4B-00C04F79EFBC}") = "CityManager2", "CityManager2\CityManager2.csproj", "{E310A82B-4224-4E5B-A6A8-7EA135D26B76}"
EndProject
Project("{FAE04EC0-301F-11D3-BF4B-00C04F79EFBC}") = "CityManager3", "CityManager3\CityManager3.csproj", "{C9DB2B6D-FFA8-487B-A411-D408CFFA90B7}"
EndProject
Project("{FAE04EC0-301F-11D3-BF4B-00C04F79EFBC}") = "CityManager4", "CityManager4\CityManager4.csproj", "{BBD724ED-2A22-46A1-BF93-8F6B290811CC}"
EndProject
Project("{FAE04EC0-301F-11D3-BF4B-00C04F79EFBC}") = "HashBuildings", "HashBuildings\HashBuildings.csproj", "{AA0C9CC1-80BC-409A-B670-7492909DFAB4}"
EndProject
Global
	GlobalSection(SolutionConfigurationPlatforms) = preSolution
		Debug|Any CPU = Debug|Any CPU
		Release|Any CPU = Release|Any CPU
	EndGlobalSection
	GlobalSection(SolutionProperties) = preSolution
		HideSolutionNode = FALSE
	EndGlobalSection
	GlobalSection(ProjectConfigurationPlatforms) = postSolution
		{D7C9427F-A810-4B20-8E6F-8970E3B8D72B}.Debug|Any CPU.ActiveCfg = Debug|Any CPU
		{D7C9427F-A810-4B20-8E6F-8970E3B8D72B}.Debug|Any CPU.Build.0 = Debug|Any CPU
		{D7C9427F-A810-4B20-8E6F-8970E3B8D72B}.Release|Any CPU.ActiveCfg = Release|Any CPU
		{D7C9427F-A810-4B20-8E6F-8970E3B8D72B}.Release|Any CPU.Build.0 = Release|Any CPU
		{B9B1B66B-E72A-4803-8F1A-99E7D4B47928}.Debug|Any CPU.ActiveCfg = Debug|Any CPU
		{B9B1B66B-E72A-4803-8F1A-99E7D4B47928}.Debug|Any CPU.Build.0 = Debug|Any CPU
		{B9B1B66B-E72A-4803-8F1A-99E7D4B47928}.Release|Any CPU.ActiveCfg = Release|Any CPU
		{B9B1B66B-E72A-4803-8F1A-99E7D4B47928}.Release|Any CPU.Build.0 = Release|Any CPU
		{B0C6FB82-898A-473B-B490-007170A9FA53}.Debug|Any CPU.ActiveCfg = Debug|Any CPU
		{B0C6FB82-898A-473B-B490-007170A9FA53}.Debug|Any CPU.Build.0 = Debug|Any CPU
		{B0C6FB82-898A-473B-B490-007170A9FA53}.Release|Any CPU.ActiveCfg = Release|Any CPU
		{B0C6FB82-898A-473B-B490-007170A9FA53}.Release|Any CPU.Build.0 = Release|Any CPU
		{E310A82B-4224-4E5B-A6A8-7EA135D26B76}.Debug|Any CPU.ActiveCfg = Debug|Any CPU
		{E310A82B-4224-4E5B-A6A8-7EA135D26B76}.Debug|Any CPU.Build.0 = Debug|Any CPU
		{E310A82B-4224-4E5B-A6A8-7EA135D26B76}.Release|Any CPU.ActiveCfg = Release|Any CPU
		{E310A82B-4224-4E5B-A6A8-7EA135D26B76}.Release|Any CPU.Build.0 = Release|Any CPU
		{C9DB2B6D-FFA8-487B-A411-D408CFFA90B7}.Debug|Any CPU.ActiveCfg = Debug|Any CPU
		{C9DB2B6D-FFA8-487B-A411-D408CFFA90B7}.Debug|Any CPU.Build.0 = Debug|Any CPU
		{C9DB2B6D-FFA8-487B-A411-D408CFFA90B7}.Release|Any CPU.ActiveCfg = Release|Any CPU
		{C9DB2B6D-FFA8-487B-A411-D408CFFA90B7}.Release|Any CPU.Build.0 = Release|Any CPU
		{BBD724ED-2A22-46A1-BF93-8F6B290811CC}.Debug|Any CPU.ActiveCfg = Debug|Any CPU
		{BBD724ED-2A22-46A1-BF93-8F6B290811CC}.Debug|Any CPU.Build.0 = Debug|Any CPU
		{BBD724ED-2A22-46A1-BF93-8F6B290811CC}.Release|Any CPU.ActiveCfg = Release|Any CPU
		{BBD724ED-2A22-46A1-BF93-8F6B290811CC}.Release|Any CPU.Build.0 = Release|Any CPU
		{AA0C9CC1-80BC-409A-B670-7492909DFAB4}.Debug|Any CPU.ActiveCfg = Debug|Any CPU
		{AA0C9CC1-80BC-409A-B670-7492909DFAB4}.Debug|Any CPU.Build.0 = Debug|Any CPU
		{AA0C9CC1-80BC-409A-B670-7492909DFAB4}.Release|Any CPU.ActiveCfg = Release|Any CPU
		{AA0C9CC1-80BC-409A-B670-7492909DFAB4}.Release|Any CPU.Build.0 = Release|Any CPU
	EndGlobalSection
EndGlobal
